
Microsoft Visual Studio Solution File, Format Version 12.00
# Visual Studio Version 17
VisualStudioVersion = 17.14.36109.1
MinimumVisualStudioVersion = 10.0.40219.1
Project("{FAE04EC0-301F-11D3-BF4B-00C04F79EFBC}") = "SapBroker", "SapBroker\SapBroker.csproj", "{83F018CB-2CF5-49A0-9D42-72B9124819EF}"
EndProject
Global
	GlobalSection(SolutionConfigurationPlatforms) = preSolution
		Debug|Any CPU = Debug|Any CPU
		Release|Any CPU = Release|Any CPU
	EndGlobalSection
	GlobalSection(ProjectConfigurationPlatforms) = postSolution
		{83F018CB-2CF5-49A0-9D42-72B9124819EF}.Debug|Any CPU.ActiveCfg = Debug|Any CPU
		{83F018CB-2CF5-49A0-9D42-72B9124819EF}.Debug|Any CPU.Build.0 = Debug|Any CPU
		{83F018CB-2CF5-49A0-9D42-72B9124819EF}.Release|Any CPU.ActiveCfg = Release|Any CPU
		{83F018CB-2CF5-49A0-9D42-72B9124819EF}.Release|Any CPU.Build.0 = Release|Any CPU
	EndGlobalSection
	GlobalSection(SolutionProperties) = preSolution
		HideSolutionNode = FALSE
	EndGlobalSection
	GlobalSection(ExtensibilityGlobals) = postSolution
		SolutionGuid = {01AE1ADB-DA1F-4CF0-B293-7281D499218A}
	EndGlobalSection
EndGlobal
